
Microsoft Visual Studio Solution File, Format Version 12.00
# Visual Studio Version 17
VisualStudioVersion = 17.6.33712.159
MinimumVisualStudioVersion = 10.0.40219.1
Project("{FAE04EC0-301F-11D3-BF4B-00C04F79EFBC}") = "Calculator", "Calculator\Calculator.csproj", "{0A87FA92-E3A8-49AD-990D-B312C7929C6D}"
EndProject
Global
	GlobalSection(SolutionConfigurationPlatforms) = preSolution
		Debug|Any CPU = Debug|Any CPU
		Release|Any CPU = Release|Any CPU
	EndGlobalSection
	GlobalSection(ProjectConfigurationPlatforms) = postSolution
		{0A87FA92-E3A8-49AD-990D-B312C7929C6D}.Debug|Any CPU.ActiveCfg = Debug|Any CPU
		{0A87FA92-E3A8-49AD-990D-B312C7929C6D}.Debug|Any CPU.Build.0 = Debug|Any CPU
		{0A87FA92-E3A8-49AD-990D-B312C7929C6D}.Release|Any CPU.ActiveCfg = Release|Any CPU
		{0A87FA92-E3A8-49AD-990D-B312C7929C6D}.Release|Any CPU.Build.0 = Release|Any CPU
	EndGlobalSection
	GlobalSection(SolutionProperties) = preSolution
		HideSolutionNode = FALSE
	EndGlobalSection
	GlobalSection(ExtensibilityGlobals) = postSolution
		SolutionGuid = {97AFD30B-8AA5-4A92-B9EA-5FCB91374FDC}
	EndGlobalSection
EndGlobal
